// !$*UTF8*$!
{
	archiveVersion = 1;
	classes = {
	};
	objectVersion = 46;
	objects = {

/* Begin PBXBuildFile section */
		30BB81A01C3AF1E6000166EA /* AppDelegate.swift in Sources */ = {isa = PBXBuildFile; fileRef = 30BB819F1C3AF1E6000166EA /* AppDelegate.swift */; };
		30BB81A21C3AF1E6000166EA /* ViewController.swift in Sources */ = {isa = PBXBuildFile; fileRef = 30BB81A11C3AF1E6000166EA /* ViewController.swift */; };
		30BB81A51C3AF1E6000166EA /* Main.storyboard in Resources */ = {isa = PBXBuildFile; fileRef = 30BB81A31C3AF1E6000166EA /* Main.storyboard */; };
		30BB81A81C3AF1E6000166EA /* SnapAndLearn.xcdatamodeld in Sources */ = {isa = PBXBuildFile; fileRef = 30BB81A61C3AF1E6000166EA /* SnapAndLearn.xcdatamodeld */; };
		30BB81AA1C3AF1E6000166EA /* Assets.xcassets in Resources */ = {isa = PBXBuildFile; fileRef = 30BB81A91C3AF1E6000166EA /* Assets.xcassets */; };
		30BB81AD1C3AF1E6000166EA /* LaunchScreen.storyboard in Resources */ = {isa = PBXBuildFile; fileRef = 30BB81AB1C3AF1E6000166EA /* LaunchScreen.storyboard */; };
/* End PBXBuildFile section */

/* Begin PBXFileReference section */
		30BB819C1C3AF1E6000166EA /* SnapAndLearn.app */ = {isa = PBXFileReference; explicitFileType = wrapper.application; includeInIndex = 0; path = SnapAndLearn.app; sourceTree = BUILT_PRODUCTS_DIR; };
		30BB819F1C3AF1E6000166EA /* AppDelegate.swift */ = {isa = PBXFileReference; lastKnownFileType = sourcecode.swift; path = AppDelegate.swift; sourceTree = "<group>"; };
		30BB81A11C3AF1E6000166EA /* ViewController.swift */ = {isa = PBXFileReference; lastKnownFileType = sourcecode.swift; path = ViewController.swift; sourceTree = "<group>"; };
		30BB81A41C3AF1E6000166EA /* Base */ = {isa = PBXFileReference; lastKnownFileType = file.storyboard; name = Base; path = Base.lproj/Main.storyboard; sourceTree = "<group>"; };
		30BB81A71C3AF1E6000166EA /* SnapAndLearn.xcdatamodel */ = {isa = PBXFileReference; lastKnownFileType = wrapper.xcdatamodel; path = SnapAndLearn.xcdatamodel; sourceTree = "<group>"; };
		30BB81A91C3AF1E6000166EA /* Assets.xcassets */ = {isa = PBXFileReference; lastKnownFileType = folder.assetcatalog; path = Assets.xcassets; sourceTree = "<group>"; };
		30BB81AC1C3AF1E6000166EA /* Base */ = {isa = PBXFileReference; lastKnownFileType = file.storyboard; name = Base; path = Base.lproj/LaunchScreen.storyboard; sourceTree = "<group>"; };
		30BB81AE1C3AF1E6000166EA /* Info.plist */ = {isa = PBXFileReference; lastKnownFileType = text.plist.xml; path = Info.plist; sourceTree = "<group>"; };
/* End PBXFileReference section */

/* Begin PBXFrameworksBuildPhase section */
		30BB81991C3AF1E6000166EA /* Frameworks */ = {
			isa = PBXFrameworksBuildPhase;
			buildActionMask = 2147483647;
			files = (
			);
			runOnlyForDeploymentPostprocessing = 0;
		};
/* End PBXFrameworksBuildPhase section */

/* Begin PBXGroup section */
		30BB81931C3AF1E6000166EA = {
			isa = PBXGroup;
			children = (
				30BB819E1C3AF1E6000166EA /* SnapAndLearn */,
				30BB819D1C3AF1E6000166EA /* Products */,
			);
			sourceTree = "<group>";
		};
		30BB819D1C3AF1E6000166EA /* Products */ = {
			isa = PBXGroup;
			children = (
				30BB819C1C3AF1E6000166EA /* SnapAndLearn.app */,
			);
			name = Products;
			sourceTree = "<group>";
		};
		30BB819E1C3AF1E6000166EA /* SnapAndLearn */ = {
			isa = PBXGroup;
			children = (
				30BB819F1C3AF1E6000166EA /* AppDelegate.swift */,
				30BB81A11C3AF1E6000166EA /* ViewController.swift */,
				30BB81A31C3AF1E6000166EA /* Main.storyboard */,
				30BB81A91C3AF1E6000166EA /* Assets.xcassets */,
				30BB81AB1C3AF1E6000166EA /* LaunchScreen.storyboard */,
				30BB81AE1C3AF1E6000166EA /* Info.plist */,
				30BB81A61C3AF1E6000166EA /* SnapAndLearn.xcdatamodeld */,
			);
			path = SnapAndLearn;
			sourceTree = "<group>";
		};
/* End PBXGroup section */

/* Begin PBXNativeTarget section */
		30BB819B1C3AF1E6000166EA /* SnapAndLearn */ = {
			isa = PBXNativeTarget;
			buildConfigurationList = 30BB81B11C3AF1E6000166EA /* Build configuration list for PBXNativeTarget "SnapAndLearn" */;
			buildPhases = (
				30BB81981C3AF1E6000166EA /* Sources */,
				30BB81991C3AF1E6000166EA /* Frameworks */,
				30BB819A1C3AF1E6000166EA /* Resources */,
			);
			buildRules = (
			);
			dependencies = (
			);
			name = SnapAndLearn;
			productName = SnapAndLearn;
			productReference = 30BB819C1C3AF1E6000166EA /* SnapAndLearn.app */;
			productType = "com.apple.product-type.application";
		};
/* End PBXNativeTarget section */

/* Begin PBXProject section */
		30BB81941C3AF1E6000166EA /* Project object */ = {
			isa = PBXProject;
			attributes = {
				LastSwiftUpdateCheck = 0720;
				LastUpgradeCheck = 0720;
				ORGANIZATIONNAME = "Riley Rodenburg";
				TargetAttributes = {
					30BB819B1C3AF1E6000166EA = {
						CreatedOnToolsVersion = 7.2;
					};
				};
			};
			buildConfigurationList = 30BB81971C3AF1E6000166EA /* Build configuration list for PBXProject "SnapAndLearn" */;
			compatibilityVersion = "Xcode 3.2";
			developmentRegion = English;
			hasScannedForEncodings = 0;
			knownRegions = (
				en,
				Base,
			);
			mainGroup = 30BB81931C3AF1E6000166EA;
			productRefGroup = 30BB819D1C3AF1E6000166EA /* Products */;
			projectDirPath = "";
			projectRoot = "";
			targets = (
				30BB819B1C3AF1E6000166EA /* SnapAndLearn */,
			);
		};
/* End PBXProject section */

/* Begin PBXResourcesBuildPhase section */
		30BB819A1C3AF1E6000166EA /* Resources */ = {
			isa = PBXResourcesBuildPhase;
			buildActionMask = 2147483647;
			files = (
				30BB81AD1C3AF1E6000166EA /* LaunchScreen.storyboard in Resources */,
				30BB81AA1C3AF1E6000166EA /* Assets.xcassets in Resources */,
				30BB81A51C3AF1E6000166EA /* Main.storyboard in Resources */,
			);
			runOnlyForDeploymentPostprocessing = 0;
		};
/* End PBXResourcesBuildPhase section */

/* Begin PBXSourcesBuildPhase section */
		30BB81981C3AF1E6000166EA /* Sources */ = {
			isa = PBXSourcesBuildPhase;
			buildActionMask = 2147483647;
			files = (
				30BB81A81C3AF1E6000166EA /* SnapAndLearn.xcdatamodeld in Sources */,
				30BB81A21C3AF1E6000166EA /* ViewController.swift in Sources */,
				30BB81A01C3AF1E6000166EA /* AppDelegate.swift in Sources */,
			);
			runOnlyForDeploymentPostprocessing = 0;
		};
/* End PBXSourcesBuildPhase section */

/* Begin PBXVariantGroup section */
		30BB81A31C3AF1E6000166EA /* Main.storyboard */ = {
			isa = PBXVariantGroup;
			children = (
				30BB81A41C3AF1E6000166EA /* Base */,
			);
			name = Main.storyboard;
			sourceTree = "<group>";
		};
		30BB81AB1C3AF1E6000166EA /* LaunchScreen.storyboard */ = {
			isa = PBXVariantGroup;
			children = (
				30BB81AC1C3AF1E6000166EA /* Base */,
			);
			name = LaunchScreen.storyboard;
			sourceTree = "<group>";
		};
/* End PBXVariantGroup section */

/* Begin XCBuildConfiguration section */
		30BB81AF1C3AF1E6000166EA /* Debug */ = {
			isa = XCBuildConfiguration;
			buildSettings = {
				ALWAYS_SEARCH_USER_PATHS = NO;
				CLANG_CXX_LANGUAGE_STANDARD = "gnu++0x";
				CLANG_CXX_LIBRARY = "libc++";
				CLANG_ENABLE_MODULES = YES;
				CLANG_ENABLE_OBJC_ARC = YES;
				CLANG_WARN_BOOL_CONVERSION = YES;
				CLANG_WARN_CONSTANT_CONVERSION = YES;
				CLANG_WARN_DIRECT_OBJC_ISA_USAGE = YES_ERROR;
				CLANG_WARN_EMPTY_BODY = YES;
				CLANG_WARN_ENUM_CONVERSION = YES;
				CLANG_WARN_INT_CONVERSION = YES;
				CLANG_WARN_OBJC_ROOT_CLASS = YES_ERROR;
				CLANG_WARN_UNREACHABLE_CODE = YES;
				CLANG_WARN__DUPLICATE_METHOD_MATCH = YES;
				"CODE_SIGN_IDENTITY[sdk=iphoneos*]" = "iPhone Developer";
				COPY_PHASE_STRIP = NO;
				DEBUG_INFORMATION_FORMAT = dwarf;
				ENABLE_STRICT_OBJC_MSGSEND = YES;
				ENABLE_TESTABILITY = YES;
				GCC_C_LANGUAGE_STANDARD = gnu99;
				GCC_DYNAMIC_NO_PIC = NO;
				GCC_NO_COMMON_BLOCKS = YES;
				GCC_OPTIMIZATION_LEVEL = 0;
				GCC_PREPROCESSOR_DEFINITIONS = (
					"DEBUG=1",
					"$(inherited)",
				);
				GCC_WARN_64_TO_32_BIT_CONVERSION = YES;
				GCC_WARN_ABOUT_RETURN_TYPE = YES_ERROR;
				GCC_WARN_UNDECLARED_SELECTOR = YES;
				GCC_WARN_UNINITIALIZED_AUTOS = YES_AGGRESSIVE;
				GCC_WARN_UNUSED_FUNCTION = YES;
				GCC_WARN_UNUSED_VARIABLE = YES;
				IPHONEOS_DEPLOYMENT_TARGET = 9.2;
				MTL_ENABLE_DEBUG_INFO = YES;
				ONLY_ACTIVE_ARCH = YES;
				SDKROOT = iphoneos;
				SWIFT_OPTIMIZATION_LEVEL = "-Onone";
			};
			name = Debug;
		};
		30BB81B01C3AF1E6000166EA /* Release */ = {
			isa = XCBuildConfiguration;
			buildSettings = {
				ALWAYS_SEARCH_USER_PATHS = NO;
				CLANG_CXX_LANGUAGE_STANDARD = "gnu++0x";
				CLANG_CXX_LIBRARY = "libc++";
				CLANG_ENABLE_MODULES = YES;
				CLANG_ENABLE_OBJC_ARC = YES;
				CLANG_WARN_BOOL_CONVERSION = YES;
				CLANG_WARN_CONSTANT_CONVERSION = YES;
				CLANG_WARN_DIRECT_OBJC_ISA_USAGE = YES_ERROR;
				CLANG_WARN_EMPTY_BODY = YES;
				CLANG_WARN_ENUM_CONVERSION = YES;
				CLANG_WARN_INT_CONVERSION = YES;
				CLANG_WARN_OBJC_ROOT_CLASS = YES_ERROR;
				CLANG_WARN_UNREACHABLE_CODE = YES;
				CLANG_WARN__DUPLICATE_METHOD_MATCH = YES;
				"CODE_SIGN_IDENTITY[sdk=iphoneos*]" = "iPhone Developer";
				COPY_PHASE_STRIP = NO;
				DEBUG_INFORMATION_FORMAT = "dwarf-with-dsym";
				ENABLE_NS_ASSERTIONS = NO;
				ENABLE_STRICT_OBJC_MSGSEND = YES;
				GCC_C_LANGUAGE_STANDARD = gnu99;
				GCC_NO_COMMON_BLOCKS = YES;
				GCC_WARN_64_TO_32_BIT_CONVERSION = YES;
				GCC_WARN_ABOUT_RETURN_TYPE = YES_ERROR;
				GCC_WARN_UNDECLARED_SELECTOR = YES;
				GCC_WARN_UNINITIALIZED_AUTOS = YES_AGGRESSIVE;
				GCC_WARN_UNUSED_FUNCTION = YES;
				GCC_WARN_UNUSED_VARIABLE = YES;
				IPHONEOS_DEPLOYMENT_TARGET = 9.2;
				MTL_ENABLE_DEBUG_INFO = NO;
				SDKROOT = iphoneos;
				VALIDATE_PRODUCT = YES;
			};
			name = Release;
		};
		30BB81B21C3AF1E6000166EA /* Debug */ = {
			isa = XCBuildConfiguration;
			buildSettings = {
				ASSETCATALOG_COMPILER_APPICON_NAME = AppIcon;
				INFOPLIST_FILE = SnapAndLearn/Info.plist;
				LD_RUNPATH_SEARCH_PATHS = "$(inherited) @executable_path/Frameworks";
				PRODUCT_BUNDLE_IDENTIFIER = com.RileyRodenburg.dots.SnapAndLearn;
				PRODUCT_NAME = "$(TARGET_NAME)";
			};
			name = Debug;
		};
		30BB81B31C3AF1E6000166EA /* Release */ = {
			isa = XCBuildConfiguration;
			buildSettings = {
				ASSETCATALOG_COMPILER_APPICON_NAME = AppIcon;
				INFOPLIST_FILE = SnapAndLearn/Info.plist;
				LD_RUNPATH_SEARCH_PATHS = "$(inherited) @executable_path/Frameworks";
				PRODUCT_BUNDLE_IDENTIFIER = com.RileyRodenburg.dots.SnapAndLearn;
				PRODUCT_NAME = "$(TARGET_NAME)";
			};
			name = Release;
		};
/* End XCBuildConfiguration section */

/* Begin XCConfigurationList section */
		30BB81971C3AF1E6000166EA /* Build configuration list for PBXProject "SnapAndLearn" */ = {
			isa = XCConfigurationList;
			buildConfigurations = (
				30BB81AF1C3AF1E6000166EA /* Debug */,
				30BB81B01C3AF1E6000166EA /* Release */,
			);
			defaultConfigurationIsVisible = 0;
			defaultConfigurationName = Release;
		};
		30BB81B11C3AF1E6000166EA /* Build configuration list for PBXNativeTarget "SnapAndLearn" */ = {
			isa = XCConfigurationList;
			buildConfigurations = (
				30BB81B21C3AF1E6000166EA /* Debug */,
				30BB81B31C3AF1E6000166EA /* Release */,
			);
			defaultConfigurationIsVisible = 0;
		};
/* End XCConfigurationList section */

/* Begin XCVersionGroup section */
		30BB81A61C3AF1E6000166EA /* SnapAndLearn.xcdatamodeld */ = {
			isa = XCVersionGroup;
			children = (
				30BB81A71C3AF1E6000166EA /* SnapAndLearn.xcdatamodel */,
			);
			currentVersion = 30BB81A71C3AF1E6000166EA /* SnapAndLearn.xcdatamodel */;
			path = SnapAndLearn.xcdatamodeld;
			sourceTree = "<group>";
			versionGroupType = wrapper.xcdatamodel;
		};
/* End XCVersionGroup section */
	};
	rootObject = 30BB81941C3AF1E6000166EA /* Project object */;
}
